
Microsoft Visual Studio Solution File, Format Version 12.00
# Visual Studio Version 17
VisualStudioVersion = 17.7.34202.233
MinimumVisualStudioVersion = 16.0.0.0
Project("{9A19103F-16F7-4668-BE54-9A1E7A4F7556}") = "MyGame.Windows", "MyGame.Windows\MyGame.Windows.csproj", "{D0AD3B8D-C490-4874-B420-FB3DB920BA6E}"
EndProject
Project("{9A19103F-16F7-4668-BE54-9A1E7A4F7556}") = "MyGame", "MyGame\MyGame.csproj", "{0EB6B7B0-B82C-4E14-BA67-35333A61AD97}"
EndProject
Project("{9A19103F-16F7-4668-BE54-9A1E7A4F7556}") = "MyGame.Linux", "MyGame.Linux\MyGame.Linux.csproj", "{90C5C0EB-D548-4C63-B0E4-B85DD1BF6F52}"
EndProject
Global
	GlobalSection(SolutionConfigurationPlatforms) = preSolution
		Debug|Any CPU = Debug|Any CPU
		Release|Any CPU = Release|Any CPU
	EndGlobalSection
	GlobalSection(ProjectConfigurationPlatforms) = postSolution
		{D0AD3B8D-C490-4874-B420-FB3DB920BA6E}.Debug|Any CPU.ActiveCfg = Debug|Any CPU
		{D0AD3B8D-C490-4874-B420-FB3DB920BA6E}.Debug|Any CPU.Build.0 = Debug|Any CPU
		{D0AD3B8D-C490-4874-B420-FB3DB920BA6E}.Release|Any CPU.ActiveCfg = Release|Any CPU
		{D0AD3B8D-C490-4874-B420-FB3DB920BA6E}.Release|Any CPU.Build.0 = Release|Any CPU
		{0EB6B7B0-B82C-4E14-BA67-35333A61AD97}.Debug|Any CPU.ActiveCfg = Debug|Any CPU
		{0EB6B7B0-B82C-4E14-BA67-35333A61AD97}.Debug|Any CPU.Build.0 = Debug|Any CPU
		{0EB6B7B0-B82C-4E14-BA67-35333A61AD97}.Release|Any CPU.ActiveCfg = Release|Any CPU
		{0EB6B7B0-B82C-4E14-BA67-35333A61AD97}.Release|Any CPU.Build.0 = Release|Any CPU
		{90C5C0EB-D548-4C63-B0E4-B85DD1BF6F52}.Debug|Any CPU.ActiveCfg = Debug|Any CPU
		{90C5C0EB-D548-4C63-B0E4-B85DD1BF6F52}.Debug|Any CPU.Build.0 = Debug|Any CPU
		{90C5C0EB-D548-4C63-B0E4-B85DD1BF6F52}.Release|Any CPU.ActiveCfg = Release|Any CPU
		{90C5C0EB-D548-4C63-B0E4-B85DD1BF6F52}.Release|Any CPU.Build.0 = Release|Any CPU
	EndGlobalSection
	GlobalSection(SolutionProperties) = preSolution
		HideSolutionNode = FALSE
	EndGlobalSection
EndGlobal
